{
  "name": "funplay-cocos-mcp",
  "version": "0.4.3",
  "lockfileVersion": 3,
  "requires": true,
  "packages": {
    "": {
      "name": "funplay-cocos-mcp",
      "version": "0.4.3",
      "license": "MIT",
      "bin": {
        "funplay-cocos-mcp": "bin/funplay-cocos-mcp.js"
      },
      "engines": {
        "node": ">=18"
      }
    }
  }
}
